// !$*UTF8*$!
{
	archiveVersion = 1;
	classes = {
	};
	objectVersion = 56;
	objects = {

/* Begin PBXBuildFile section */
		D9DECCE52BDCFCBC00E468C1 /* RescueView.swift in Sources */ = {isa = PBXBuildFile; fileRef = D9DECCE42BDCFCBC00E468C1 /* RescueView.swift */; };
		D9EDAD062BDB71B300F0160D /* MAKERTHON_MAKERTHON_MAKERTHON_MAKERTHON_MAKERTHON_markethon_app_comApp.swift in Sources */ = {isa = PBXBuildFile; fileRef = D9EDAD052BDB71B300F0160D /* MAKERTHON_MAKERTHON_MAKERTHON_MAKERTHON_MAKERTHON_markethon_app_comApp.swift */; };
		D9EDAD082BDB71B300F0160D /* ContentView.swift in Sources */ = {isa = PBXBuildFile; fileRef = D9EDAD072BDB71B300F0160D /* ContentView.swift */; };
		D9EDAD0A2BDB71B500F0160D /* Assets.xcassets in Resources */ = {isa = PBXBuildFile; fileRef = D9EDAD092BDB71B500F0160D /* Assets.xcassets */; };
		D9EDAD0D2BDB71B500F0160D /* Preview Assets.xcassets in Resources */ = {isa = PBXBuildFile; fileRef = D9EDAD0C2BDB71B500F0160D /* Preview Assets.xcassets */; };
		D9EDAD152BDB738B00F0160D /* API.swift in Sources */ = {isa = PBXBuildFile; fileRef = D9EDAD142BDB738B00F0160D /* API.swift */; };
		D9EDAD192BDB73C900F0160D /* Model.swift in Sources */ = {isa = PBXBuildFile; fileRef = D9EDAD182BDB73C900F0160D /* Model.swift */; };
		D9EDAD1C2BDB75D000F0160D /* Kingfisher in Frameworks */ = {isa = PBXBuildFile; productRef = D9EDAD1B2BDB75D000F0160D /* Kingfisher */; };
/* End PBXBuildFile section */

/* Begin PBXFileReference section */
		D9DECCE42BDCFCBC00E468C1 /* RescueView.swift */ = {isa = PBXFileReference; lastKnownFileType = sourcecode.swift; path = RescueView.swift; sourceTree = "<group>"; };
		D9EDAD022BDB71B300F0160D /* MAKERTHON MAKERTHON MAKERTHON MAKERTHON MAKERTHON markethon.app.com.app */ = {isa = PBXFileReference; explicitFileType = wrapper.application; includeInIndex = 0; path = "MAKERTHON MAKERTHON MAKERTHON MAKERTHON MAKERTHON markethon.app.com.app"; sourceTree = BUILT_PRODUCTS_DIR; };
		D9EDAD052BDB71B300F0160D /* MAKERTHON_MAKERTHON_MAKERTHON_MAKERTHON_MAKERTHON_markethon_app_comApp.swift */ = {isa = PBXFileReference; lastKnownFileType = sourcecode.swift; path = MAKERTHON_MAKERTHON_MAKERTHON_MAKERTHON_MAKERTHON_markethon_app_comApp.swift; sourceTree = "<group>"; };
		D9EDAD072BDB71B300F0160D /* ContentView.swift */ = {isa = PBXFileReference; lastKnownFileType = sourcecode.swift; path = ContentView.swift; sourceTree = "<group>"; };
		D9EDAD092BDB71B500F0160D /* Assets.xcassets */ = {isa = PBXFileReference; lastKnownFileType = folder.assetcatalog; path = Assets.xcassets; sourceTree = "<group>"; };
		D9EDAD0C2BDB71B500F0160D /* Preview Assets.xcassets */ = {isa = PBXFileReference; lastKnownFileType = folder.assetcatalog; path = "Preview Assets.xcassets"; sourceTree = "<group>"; };
		D9EDAD132BDB72F000F0160D /* MAKERTHON-MAKERTHON-MAKERTHON-MAKERTHON-MAKERTHON-markethon-app-com-Info.plist */ = {isa = PBXFileReference; lastKnownFileType = text.plist; path = "MAKERTHON-MAKERTHON-MAKERTHON-MAKERTHON-MAKERTHON-markethon-app-com-Info.plist"; sourceTree = SOURCE_ROOT; };
		D9EDAD142BDB738B00F0160D /* API.swift */ = {isa = PBXFileReference; lastKnownFileType = sourcecode.swift; path = API.swift; sourceTree = "<group>"; };
		D9EDAD182BDB73C900F0160D /* Model.swift */ = {isa = PBXFileReference; lastKnownFileType = sourcecode.swift; path = Model.swift; sourceTree = "<group>"; };
/* End PBXFileReference section */

/* Begin PBXFrameworksBuildPhase section */
		D9EDACFF2BDB71B300F0160D /* Frameworks */ = {
			isa = PBXFrameworksBuildPhase;
			buildActionMask = 2147483647;
			files = (
				D9EDAD1C2BDB75D000F0160D /* Kingfisher in Frameworks */,
			);
			runOnlyForDeploymentPostprocessing = 0;
		};
/* End PBXFrameworksBuildPhase section */

/* Begin PBXGroup section */
		D9EDACF92BDB71B200F0160D = {
			isa = PBXGroup;
			children = (
				D9EDAD042BDB71B300F0160D /* MAKERTHON MAKERTHON MAKERTHON MAKERTHON MAKERTHON markethon.app.com */,
				D9EDAD032BDB71B300F0160D /* Products */,
			);
			sourceTree = "<group>";
		};
		D9EDAD032BDB71B300F0160D /* Products */ = {
			isa = PBXGroup;
			children = (
				D9EDAD022BDB71B300F0160D /* MAKERTHON MAKERTHON MAKERTHON MAKERTHON MAKERTHON markethon.app.com.app */,
			);
			name = Products;
			sourceTree = "<group>";
		};
		D9EDAD042BDB71B300F0160D /* MAKERTHON MAKERTHON MAKERTHON MAKERTHON MAKERTHON markethon.app.com */ = {
			isa = PBXGroup;
			children = (
				D9EDAD132BDB72F000F0160D /* MAKERTHON-MAKERTHON-MAKERTHON-MAKERTHON-MAKERTHON-markethon-app-com-Info.plist */,
				D9EDAD052BDB71B300F0160D /* MAKERTHON_MAKERTHON_MAKERTHON_MAKERTHON_MAKERTHON_markethon_app_comApp.swift */,
				D9EDAD072BDB71B300F0160D /* ContentView.swift */,
				D9EDAD142BDB738B00F0160D /* API.swift */,
				D9EDAD182BDB73C900F0160D /* Model.swift */,
				D9DECCE42BDCFCBC00E468C1 /* RescueView.swift */,
				D9EDAD092BDB71B500F0160D /* Assets.xcassets */,
				D9EDAD0B2BDB71B500F0160D /* Preview Content */,
			);
			path = "MAKERTHON MAKERTHON MAKERTHON MAKERTHON MAKERTHON markethon.app.com";
			sourceTree = "<group>";
		};
		D9EDAD0B2BDB71B500F0160D /* Preview Content */ = {
			isa = PBXGroup;
			children = (
				D9EDAD0C2BDB71B500F0160D /* Preview Assets.xcassets */,
			);
			path = "Preview Content";
			sourceTree = "<group>";
		};
/* End PBXGroup section */

/* Begin PBXNativeTarget section */
		D9EDAD012BDB71B300F0160D /* MAKERTHON MAKERTHON MAKERTHON MAKERTHON MAKERTHON markethon.app.com */ = {
			isa = PBXNativeTarget;
			buildConfigurationList = D9EDAD102BDB71B500F0160D /* Build configuration list for PBXNativeTarget "MAKERTHON MAKERTHON MAKERTHON MAKERTHON MAKERTHON markethon.app.com" */;
			buildPhases = (
				D9EDACFE2BDB71B300F0160D /* Sources */,
				D9EDACFF2BDB71B300F0160D /* Frameworks */,
				D9EDAD002BDB71B300F0160D /* Resources */,
			);
			buildRules = (
			);
			dependencies = (
			);
			name = "MAKERTHON MAKERTHON MAKERTHON MAKERTHON MAKERTHON markethon.app.com";
			packageProductDependencies = (
				D9EDAD1B2BDB75D000F0160D /* Kingfisher */,
			);
			productName = "MAKERTHON MAKERTHON MAKERTHON MAKERTHON MAKERTHON markethon.app.com";
			productReference = D9EDAD022BDB71B300F0160D /* MAKERTHON MAKERTHON MAKERTHON MAKERTHON MAKERTHON markethon.app.com.app */;
			productType = "com.apple.product-type.application";
		};
/* End PBXNativeTarget section */

/* Begin PBXProject section */
		D9EDACFA2BDB71B200F0160D /* Project object */ = {
			isa = PBXProject;
			attributes = {
				BuildIndependentTargetsInParallel = 1;
				LastSwiftUpdateCheck = 1430;
				LastUpgradeCheck = 1430;
				TargetAttributes = {
					D9EDAD012BDB71B300F0160D = {
						CreatedOnToolsVersion = 14.3.1;
					};
				};
			};
			buildConfigurationList = D9EDACFD2BDB71B200F0160D /* Build configuration list for PBXProject "MAKERTHON MAKERTHON MAKERTHON MAKERTHON MAKERTHON markethon.app.com" */;
			compatibilityVersion = "Xcode 14.0";
			developmentRegion = en;
			hasScannedForEncodings = 0;
			knownRegions = (
				en,
				Base,
			);
			mainGroup = D9EDACF92BDB71B200F0160D;
			packageReferences = (
				D9EDAD1A2BDB75D000F0160D /* XCRemoteSwiftPackageReference "Kingfisher" */,
			);
			productRefGroup = D9EDAD032BDB71B300F0160D /* Products */;
			projectDirPath = "";
			projectRoot = "";
			targets = (
				D9EDAD012BDB71B300F0160D /* MAKERTHON MAKERTHON MAKERTHON MAKERTHON MAKERTHON markethon.app.com */,
			);
		};
/* End PBXProject section */

/* Begin PBXResourcesBuildPhase section */
		D9EDAD002BDB71B300F0160D /* Resources */ = {
			isa = PBXResourcesBuildPhase;
			buildActionMask = 2147483647;
			files = (
				D9EDAD0D2BDB71B500F0160D /* Preview Assets.xcassets in Resources */,
				D9EDAD0A2BDB71B500F0160D /* Assets.xcassets in Resources */,
			);
			runOnlyForDeploymentPostprocessing = 0;
		};
/* End PBXResourcesBuildPhase section */

/* Begin PBXSourcesBuildPhase section */
		D9EDACFE2BDB71B300F0160D /* Sources */ = {
			isa = PBXSourcesBuildPhase;
			buildActionMask = 2147483647;
			files = (
				D9EDAD082BDB71B300F0160D /* ContentView.swift in Sources */,
				D9EDAD152BDB738B00F0160D /* API.swift in Sources */,
				D9DECCE52BDCFCBC00E468C1 /* RescueView.swift in Sources */,
				D9EDAD062BDB71B300F0160D /* MAKERTHON_MAKERTHON_MAKERTHON_MAKERTHON_MAKERTHON_markethon_app_comApp.swift in Sources */,
				D9EDAD192BDB73C900F0160D /* Model.swift in Sources */,
			);
			runOnlyForDeploymentPostprocessing = 0;
		};
/* End PBXSourcesBuildPhase section */

/* Begin XCBuildConfiguration section */
		D9EDAD0E2BDB71B500F0160D /* Debug */ = {
			isa = XCBuildConfiguration;
			buildSettings = {
				ALWAYS_SEARCH_USER_PATHS = NO;
				CLANG_ANALYZER_NONNULL = YES;
				CLANG_ANALYZER_NUMBER_OBJECT_CONVERSION = YES_AGGRESSIVE;
				CLANG_CXX_LANGUAGE_STANDARD = "gnu++20";
				CLANG_ENABLE_MODULES = YES;
				CLANG_ENABLE_OBJC_ARC = YES;
				CLANG_ENABLE_OBJC_WEAK = YES;
				CLANG_WARN_BLOCK_CAPTURE_AUTORELEASING = YES;
				CLANG_WARN_BOOL_CONVERSION = YES;
				CLANG_WARN_COMMA = YES;
				CLANG_WARN_CONSTANT_CONVERSION = YES;
				CLANG_WARN_DEPRECATED_OBJC_IMPLEMENTATIONS = YES;
				CLANG_WARN_DIRECT_OBJC_ISA_USAGE = YES_ERROR;
				CLANG_WARN_DOCUMENTATION_COMMENTS = YES;
				CLANG_WARN_EMPTY_BODY = YES;
				CLANG_WARN_ENUM_CONVERSION = YES;
				CLANG_WARN_INFINITE_RECURSION = YES;
				CLANG_WARN_INT_CONVERSION = YES;
				CLANG_WARN_NON_LITERAL_NULL_CONVERSION = YES;
				CLANG_WARN_OBJC_IMPLICIT_RETAIN_SELF = YES;
				CLANG_WARN_OBJC_LITERAL_CONVERSION = YES;
				CLANG_WARN_OBJC_ROOT_CLASS = YES_ERROR;
				CLANG_WARN_QUOTED_INCLUDE_IN_FRAMEWORK_HEADER = YES;
				CLANG_WARN_RANGE_LOOP_ANALYSIS = YES;
				CLANG_WARN_STRICT_PROTOTYPES = YES;
				CLANG_WARN_SUSPICIOUS_MOVE = YES;
				CLANG_WARN_UNGUARDED_AVAILABILITY = YES_AGGRESSIVE;
				CLANG_WARN_UNREACHABLE_CODE = YES;
				CLANG_WARN__DUPLICATE_METHOD_MATCH = YES;
				COPY_PHASE_STRIP = NO;
				DEBUG_INFORMATION_FORMAT = dwarf;
				ENABLE_STRICT_OBJC_MSGSEND = YES;
				ENABLE_TESTABILITY = YES;
				GCC_C_LANGUAGE_STANDARD = gnu11;
				GCC_DYNAMIC_NO_PIC = NO;
				GCC_NO_COMMON_BLOCKS = YES;
				GCC_OPTIMIZATION_LEVEL = 0;
				GCC_PREPROCESSOR_DEFINITIONS = (
					"DEBUG=1",
					"$(inherited)",
				);
				GCC_WARN_64_TO_32_BIT_CONVERSION = YES;
				GCC_WARN_ABOUT_RETURN_TYPE = YES_ERROR;
				GCC_WARN_UNDECLARED_SELECTOR = YES;
				GCC_WARN_UNINITIALIZED_AUTOS = YES_AGGRESSIVE;
				GCC_WARN_UNUSED_FUNCTION = YES;
				GCC_WARN_UNUSED_VARIABLE = YES;
				IPHONEOS_DEPLOYMENT_TARGET = 16.4;
				MTL_ENABLE_DEBUG_INFO = INCLUDE_SOURCE;
				MTL_FAST_MATH = YES;
				ONLY_ACTIVE_ARCH = YES;
				SDKROOT = iphoneos;
				SWIFT_ACTIVE_COMPILATION_CONDITIONS = DEBUG;
				SWIFT_OPTIMIZATION_LEVEL = "-Onone";
			};
			name = Debug;
		};
		D9EDAD0F2BDB71B500F0160D /* Release */ = {
			isa = XCBuildConfiguration;
			buildSettings = {
				ALWAYS_SEARCH_USER_PATHS = NO;
				CLANG_ANALYZER_NONNULL = YES;
				CLANG_ANALYZER_NUMBER_OBJECT_CONVERSION = YES_AGGRESSIVE;
				CLANG_CXX_LANGUAGE_STANDARD = "gnu++20";
				CLANG_ENABLE_MODULES = YES;
				CLANG_ENABLE_OBJC_ARC = YES;
				CLANG_ENABLE_OBJC_WEAK = YES;
				CLANG_WARN_BLOCK_CAPTURE_AUTORELEASING = YES;
				CLANG_WARN_BOOL_CONVERSION = YES;
				CLANG_WARN_COMMA = YES;
				CLANG_WARN_CONSTANT_CONVERSION = YES;
				CLANG_WARN_DEPRECATED_OBJC_IMPLEMENTATIONS = YES;
				CLANG_WARN_DIRECT_OBJC_ISA_USAGE = YES_ERROR;
				CLANG_WARN_DOCUMENTATION_COMMENTS = YES;
				CLANG_WARN_EMPTY_BODY = YES;
				CLANG_WARN_ENUM_CONVERSION = YES;
				CLANG_WARN_INFINITE_RECURSION = YES;
				CLANG_WARN_INT_CONVERSION = YES;
				CLANG_WARN_NON_LITERAL_NULL_CONVERSION = YES;
				CLANG_WARN_OBJC_IMPLICIT_RETAIN_SELF = YES;
				CLANG_WARN_OBJC_LITERAL_CONVERSION = YES;
				CLANG_WARN_OBJC_ROOT_CLASS = YES_ERROR;
				CLANG_WARN_QUOTED_INCLUDE_IN_FRAMEWORK_HEADER = YES;
				CLANG_WARN_RANGE_LOOP_ANALYSIS = YES;
				CLANG_WARN_STRICT_PROTOTYPES = YES;
				CLANG_WARN_SUSPICIOUS_MOVE = YES;
				CLANG_WARN_UNGUARDED_AVAILABILITY = YES_AGGRESSIVE;
				CLANG_WARN_UNREACHABLE_CODE = YES;
				CLANG_WARN__DUPLICATE_METHOD_MATCH = YES;
				COPY_PHASE_STRIP = NO;
				DEBUG_INFORMATION_FORMAT = "dwarf-with-dsym";
				ENABLE_NS_ASSERTIONS = NO;
				ENABLE_STRICT_OBJC_MSGSEND = YES;
				GCC_C_LANGUAGE_STANDARD = gnu11;
				GCC_NO_COMMON_BLOCKS = YES;
				GCC_WARN_64_TO_32_BIT_CONVERSION = YES;
				GCC_WARN_ABOUT_RETURN_TYPE = YES_ERROR;
				GCC_WARN_UNDECLARED_SELECTOR = YES;
				GCC_WARN_UNINITIALIZED_AUTOS = YES_AGGRESSIVE;
				GCC_WARN_UNUSED_FUNCTION = YES;
				GCC_WARN_UNUSED_VARIABLE = YES;
				IPHONEOS_DEPLOYMENT_TARGET = 16.4;
				MTL_ENABLE_DEBUG_INFO = NO;
				MTL_FAST_MATH = YES;
				SDKROOT = iphoneos;
				SWIFT_COMPILATION_MODE = wholemodule;
				SWIFT_OPTIMIZATION_LEVEL = "-O";
				VALIDATE_PRODUCT = YES;
			};
			name = Release;
		};
		D9EDAD112BDB71B500F0160D /* Debug */ = {
			isa = XCBuildConfiguration;
			buildSettings = {
				ASSETCATALOG_COMPILER_APPICON_NAME = AppIcon;
				ASSETCATALOG_COMPILER_GLOBAL_ACCENT_COLOR_NAME = AccentColor;
				CODE_SIGN_STYLE = Automatic;
				CURRENT_PROJECT_VERSION = 1;
				DEVELOPMENT_ASSET_PATHS = "\"MAKERTHON MAKERTHON MAKERTHON MAKERTHON MAKERTHON markethon.app.com/Preview Content\"";
				DEVELOPMENT_TEAM = S8TAUN5365;
				ENABLE_PREVIEWS = YES;
				GENERATE_INFOPLIST_FILE = YES;
				INFOPLIST_FILE = "MAKERTHON-MAKERTHON-MAKERTHON-MAKERTHON-MAKERTHON-markethon-app-com-Info.plist";
				INFOPLIST_KEY_NSCameraUsageDescription = "拍照上傳";
				INFOPLIST_KEY_UIApplicationSceneManifest_Generation = YES;
				INFOPLIST_KEY_UIApplicationSupportsIndirectInputEvents = YES;
				INFOPLIST_KEY_UILaunchScreen_Generation = YES;
				INFOPLIST_KEY_UIStatusBarStyle = UIStatusBarStyleLightContent;
				INFOPLIST_KEY_UISupportedInterfaceOrientations_iPad = "UIInterfaceOrientationPortrait UIInterfaceOrientationPortraitUpsideDown UIInterfaceOrientationLandscapeLeft UIInterfaceOrientationLandscapeRight";
				INFOPLIST_KEY_UISupportedInterfaceOrientations_iPhone = "UIInterfaceOrientationPortrait UIInterfaceOrientationLandscapeLeft UIInterfaceOrientationLandscapeRight";
				IPHONEOS_DEPLOYMENT_TARGET = 16.1;
				LD_RUNPATH_SEARCH_PATHS = (
					"$(inherited)",
					"@executable_path/Frameworks",
				);
				MARKETING_VERSION = 1.0;
				PRODUCT_BUNDLE_IDENTIFIER = "com.MAKERTHON.MAKERTHON-MAKERTHON-MAKERTHON-MAKERTHON-MAKERTHON-markethon-app-com";
				PRODUCT_NAME = "$(TARGET_NAME)";
				SWIFT_EMIT_LOC_STRINGS = YES;
				SWIFT_VERSION = 5.0;
				TARGETED_DEVICE_FAMILY = "1,2";
			};
			name = Debug;
		};
		D9EDAD122BDB71B500F0160D /* Release */ = {
			isa = XCBuildConfiguration;
			buildSettings = {
				ASSETCATALOG_COMPILER_APPICON_NAME = AppIcon;
				ASSETCATALOG_COMPILER_GLOBAL_ACCENT_COLOR_NAME = AccentColor;
				CODE_SIGN_STYLE = Automatic;
				CURRENT_PROJECT_VERSION = 1;
				DEVELOPMENT_ASSET_PATHS = "\"MAKERTHON MAKERTHON MAKERTHON MAKERTHON MAKERTHON markethon.app.com/Preview Content\"";
				DEVELOPMENT_TEAM = S8TAUN5365;
				ENABLE_PREVIEWS = YES;
				GENERATE_INFOPLIST_FILE = YES;
				INFOPLIST_FILE = "MAKERTHON-MAKERTHON-MAKERTHON-MAKERTHON-MAKERTHON-markethon-app-com-Info.plist";
				INFOPLIST_KEY_NSCameraUsageDescription = "拍照上傳";
				INFOPLIST_KEY_UIApplicationSceneManifest_Generation = YES;
				INFOPLIST_KEY_UIApplicationSupportsIndirectInputEvents = YES;
				INFOPLIST_KEY_UILaunchScreen_Generation = YES;
				INFOPLIST_KEY_UIStatusBarStyle = UIStatusBarStyleLightContent;
				INFOPLIST_KEY_UISupportedInterfaceOrientations_iPad = "UIInterfaceOrientationPortrait UIInterfaceOrientationPortraitUpsideDown UIInterfaceOrientationLandscapeLeft UIInterfaceOrientationLandscapeRight";
				INFOPLIST_KEY_UISupportedInterfaceOrientations_iPhone = "UIInterfaceOrientationPortrait UIInterfaceOrientationLandscapeLeft UIInterfaceOrientationLandscapeRight";
				IPHONEOS_DEPLOYMENT_TARGET = 16.1;
				LD_RUNPATH_SEARCH_PATHS = (
					"$(inherited)",
					"@executable_path/Frameworks",
				);
				MARKETING_VERSION = 1.0;
				PRODUCT_BUNDLE_IDENTIFIER = "com.MAKERTHON.MAKERTHON-MAKERTHON-MAKERTHON-MAKERTHON-MAKERTHON-markethon-app-com";
				PRODUCT_NAME = "$(TARGET_NAME)";
				SWIFT_EMIT_LOC_STRINGS = YES;
				SWIFT_VERSION = 5.0;
				TARGETED_DEVICE_FAMILY = "1,2";
			};
			name = Release;
		};
/* End XCBuildConfiguration section */

/* Begin XCConfigurationList section */
		D9EDACFD2BDB71B200F0160D /* Build configuration list for PBXProject "MAKERTHON MAKERTHON MAKERTHON MAKERTHON MAKERTHON markethon.app.com" */ = {
			isa = XCConfigurationList;
			buildConfigurations = (
				D9EDAD0E2BDB71B500F0160D /* Debug */,
				D9EDAD0F2BDB71B500F0160D /* Release */,
			);
			defaultConfigurationIsVisible = 0;
			defaultConfigurationName = Release;
		};
		D9EDAD102BDB71B500F0160D /* Build configuration list for PBXNativeTarget "MAKERTHON MAKERTHON MAKERTHON MAKERTHON MAKERTHON markethon.app.com" */ = {
			isa = XCConfigurationList;
			buildConfigurations = (
				D9EDAD112BDB71B500F0160D /* Debug */,
				D9EDAD122BDB71B500F0160D /* Release */,
			);
			defaultConfigurationIsVisible = 0;
			defaultConfigurationName = Release;
		};
/* End XCConfigurationList section */

/* Begin XCRemoteSwiftPackageReference section */
		D9EDAD1A2BDB75D000F0160D /* XCRemoteSwiftPackageReference "Kingfisher" */ = {
			isa = XCRemoteSwiftPackageReference;
			repositoryURL = "https://github.com/onevcat/Kingfisher.git";
			requirement = {
				kind = upToNextMajorVersion;
				minimumVersion = 7.0.0;
			};
		};
/* End XCRemoteSwiftPackageReference section */

/* Begin XCSwiftPackageProductDependency section */
		D9EDAD1B2BDB75D000F0160D /* Kingfisher */ = {
			isa = XCSwiftPackageProductDependency;
			package = D9EDAD1A2BDB75D000F0160D /* XCRemoteSwiftPackageReference "Kingfisher" */;
			productName = Kingfisher;
		};
/* End XCSwiftPackageProductDependency section */
	};
	rootObject = D9EDACFA2BDB71B200F0160D /* Project object */;
}
